
Microsoft Visual Studio Solution File, Format Version 12.00
# Visual Studio 14
VisualStudioVersion = 14.0.23107.0
MinimumVisualStudioVersion = 10.0.40219.1
Project("{FAE04EC0-301F-11D3-BF4B-00C04F79EFBC}") = "TSPCityGenGUI", "TSPCityGenGUI\TSPCityGenGUI.csproj", "{832B23E9-0108-4C02-BC00-6AD5495996E0}"
EndProject
Project("{FAE04EC0-301F-11D3-BF4B-00C04F79EFBC}") = "TSPCityGenAPI", "TSPCityGenAPI\TSPCityGenAPI.csproj", "{E8C2F333-78D6-4F9B-9B3F-5E01D0AC4F79}"
EndProject
Project("{2150E333-8FDC-42A3-9474-1A3956D46DE8}") = "CityGen", "CityGen", "{4411A1CD-D752-443E-B872-A7428C2E35E7}"
EndProject
Project("{2150E333-8FDC-42A3-9474-1A3956D46DE8}") = "Genetic", "Genetic", "{0EC7A68F-7566-4772-B041-4596C2172639}"
EndProject
Project("{FAE04EC0-301F-11D3-BF4B-00C04F79EFBC}") = "GeneticAPI", "GeneticAPI\GeneticAPI.csproj", "{F89A3984-4D7C-4249-9967-2DE9F9178539}"
EndProject
Project("{2150E333-8FDC-42A3-9474-1A3956D46DE8}") = "Modules", "Modules", "{F4C7ACA8-C0B4-439D-B1EA-0C1177885854}"
EndProject
Project("{FAE04EC0-301F-11D3-BF4B-00C04F79EFBC}") = "TSPGenSandbox", "TSPGenSandbox\TSPGenSandbox.csproj", "{0B5CFAC7-0DBD-4FB7-A9B7-5C96FAA69438}"
EndProject
Project("{FAE04EC0-301F-11D3-BF4B-00C04F79EFBC}") = "TSPGenGUI", "TSPGenGUI\TSPGenGUI.csproj", "{DCE7BF75-2824-45F6-B272-D10E1B6A7F77}"
EndProject
Project("{2150E333-8FDC-42A3-9474-1A3956D46DE8}") = "Common", "Common", "{DA265EFC-2AC5-4ED4-9F50-4FCD35768E57}"
EndProject
Project("{2150E333-8FDC-42A3-9474-1A3956D46DE8}") = "Shared", "Shared", "{BCC94B2A-9E15-4601-BA16-2B2E138B63EF}"
EndProject
Project("{FAE04EC0-301F-11D3-BF4B-00C04F79EFBC}") = "TSPModel", "TSPModel\TSPModel.csproj", "{381BF3BF-CCFF-4990-8BB3-62F9B0C69E2C}"
EndProject
Global
	GlobalSection(SolutionConfigurationPlatforms) = preSolution
		Debug|Any CPU = Debug|Any CPU
		Release|Any CPU = Release|Any CPU
	EndGlobalSection
	GlobalSection(ProjectConfigurationPlatforms) = postSolution
		{832B23E9-0108-4C02-BC00-6AD5495996E0}.Debug|Any CPU.ActiveCfg = Debug|Any CPU
		{832B23E9-0108-4C02-BC00-6AD5495996E0}.Debug|Any CPU.Build.0 = Debug|Any CPU
		{832B23E9-0108-4C02-BC00-6AD5495996E0}.Release|Any CPU.ActiveCfg = Release|Any CPU
		{832B23E9-0108-4C02-BC00-6AD5495996E0}.Release|Any CPU.Build.0 = Release|Any CPU
		{E8C2F333-78D6-4F9B-9B3F-5E01D0AC4F79}.Debug|Any CPU.ActiveCfg = Debug|Any CPU
		{E8C2F333-78D6-4F9B-9B3F-5E01D0AC4F79}.Debug|Any CPU.Build.0 = Debug|Any CPU
		{E8C2F333-78D6-4F9B-9B3F-5E01D0AC4F79}.Release|Any CPU.ActiveCfg = Release|Any CPU
		{E8C2F333-78D6-4F9B-9B3F-5E01D0AC4F79}.Release|Any CPU.Build.0 = Release|Any CPU
		{F89A3984-4D7C-4249-9967-2DE9F9178539}.Debug|Any CPU.ActiveCfg = Release|Any CPU
		{F89A3984-4D7C-4249-9967-2DE9F9178539}.Debug|Any CPU.Build.0 = Release|Any CPU
		{F89A3984-4D7C-4249-9967-2DE9F9178539}.Release|Any CPU.ActiveCfg = Release|Any CPU
		{F89A3984-4D7C-4249-9967-2DE9F9178539}.Release|Any CPU.Build.0 = Release|Any CPU
		{0B5CFAC7-0DBD-4FB7-A9B7-5C96FAA69438}.Debug|Any CPU.ActiveCfg = Debug|Any CPU
		{0B5CFAC7-0DBD-4FB7-A9B7-5C96FAA69438}.Debug|Any CPU.Build.0 = Debug|Any CPU
		{0B5CFAC7-0DBD-4FB7-A9B7-5C96FAA69438}.Release|Any CPU.ActiveCfg = Release|Any CPU
		{0B5CFAC7-0DBD-4FB7-A9B7-5C96FAA69438}.Release|Any CPU.Build.0 = Release|Any CPU
		{DCE7BF75-2824-45F6-B272-D10E1B6A7F77}.Debug|Any CPU.ActiveCfg = Release|Any CPU
		{DCE7BF75-2824-45F6-B272-D10E1B6A7F77}.Debug|Any CPU.Build.0 = Release|Any CPU
		{DCE7BF75-2824-45F6-B272-D10E1B6A7F77}.Release|Any CPU.ActiveCfg = Release|Any CPU
		{DCE7BF75-2824-45F6-B272-D10E1B6A7F77}.Release|Any CPU.Build.0 = Release|Any CPU
		{381BF3BF-CCFF-4990-8BB3-62F9B0C69E2C}.Debug|Any CPU.ActiveCfg = Release|Any CPU
		{381BF3BF-CCFF-4990-8BB3-62F9B0C69E2C}.Debug|Any CPU.Build.0 = Release|Any CPU
		{381BF3BF-CCFF-4990-8BB3-62F9B0C69E2C}.Release|Any CPU.ActiveCfg = Release|Any CPU
		{381BF3BF-CCFF-4990-8BB3-62F9B0C69E2C}.Release|Any CPU.Build.0 = Release|Any CPU
	EndGlobalSection
	GlobalSection(SolutionProperties) = preSolution
		HideSolutionNode = FALSE
	EndGlobalSection
	GlobalSection(NestedProjects) = preSolution
		{832B23E9-0108-4C02-BC00-6AD5495996E0} = {4411A1CD-D752-443E-B872-A7428C2E35E7}
		{E8C2F333-78D6-4F9B-9B3F-5E01D0AC4F79} = {4411A1CD-D752-443E-B872-A7428C2E35E7}
		{F89A3984-4D7C-4249-9967-2DE9F9178539} = {0EC7A68F-7566-4772-B041-4596C2172639}
		{F4C7ACA8-C0B4-439D-B1EA-0C1177885854} = {0EC7A68F-7566-4772-B041-4596C2172639}
		{0B5CFAC7-0DBD-4FB7-A9B7-5C96FAA69438} = {0EC7A68F-7566-4772-B041-4596C2172639}
		{DCE7BF75-2824-45F6-B272-D10E1B6A7F77} = {0EC7A68F-7566-4772-B041-4596C2172639}
		{381BF3BF-CCFF-4990-8BB3-62F9B0C69E2C} = {BCC94B2A-9E15-4601-BA16-2B2E138B63EF}
	EndGlobalSection
EndGlobal
